// !$*UTF8*$!
{
	archiveVersion = 1;
	classes = {
	};
	objectVersion = 52;
	objects = {

/* Begin PBXBuildFile section */
		092259F8269474E3004469F4 /* GalleryDataSource.swift in Sources */ = {isa = PBXBuildFile; fileRef = 092259F4269474E3004469F4 /* GalleryDataSource.swift */; };
		092259F9269474E3004469F4 /* GalleryViewController.storyboard in Resources */ = {isa = PBXBuildFile; fileRef = 092259F5269474E3004469F4 /* GalleryViewController.storyboard */; };
		092259FB269474E3004469F4 /* GalleryViewController.swift in Sources */ = {isa = PBXBuildFile; fileRef = 092259F7269474E3004469F4 /* GalleryViewController.swift */; };
		24A0AA3D2694595A0081EDBE /* AppDelegate.swift in Sources */ = {isa = PBXBuildFile; fileRef = 24A0AA3C2694595A0081EDBE /* AppDelegate.swift */; };
		24A0AA3F2694595A0081EDBE /* SceneDelegate.swift in Sources */ = {isa = PBXBuildFile; fileRef = 24A0AA3E2694595A0081EDBE /* SceneDelegate.swift */; };
		24A0AA462694595C0081EDBE /* Assets.xcassets in Resources */ = {isa = PBXBuildFile; fileRef = 24A0AA452694595C0081EDBE /* Assets.xcassets */; };
		24A0AA492694595C0081EDBE /* LaunchScreen.storyboard in Resources */ = {isa = PBXBuildFile; fileRef = 24A0AA472694595C0081EDBE /* LaunchScreen.storyboard */; };
		24A0AA5B269462CF0081EDBE /* FilesManager.swift in Sources */ = {isa = PBXBuildFile; fileRef = 24A0AA5A269462CF0081EDBE /* FilesManager.swift */; };
		F100C5E92694640200B153B3 /* Storyboarded.swift in Sources */ = {isa = PBXBuildFile; fileRef = F100C5E62694640200B153B3 /* Storyboarded.swift */; };
		F100C5EA2694640200B153B3 /* CoordinatorDelegate.swift in Sources */ = {isa = PBXBuildFile; fileRef = F100C5E72694640200B153B3 /* CoordinatorDelegate.swift */; };
		F100C5EB2694640200B153B3 /* AppCoordinator.swift in Sources */ = {isa = PBXBuildFile; fileRef = F100C5E82694640200B153B3 /* AppCoordinator.swift */; };
		F100C5ED2694647300B153B3 /* BaseViewController.swift in Sources */ = {isa = PBXBuildFile; fileRef = F100C5EC2694647300B153B3 /* BaseViewController.swift */; };
		F100C5F02694652D00B153B3 /* MainTabBar.storyboard in Resources */ = {isa = PBXBuildFile; fileRef = F100C5EF2694652D00B153B3 /* MainTabBar.storyboard */; };
		F100C5F2269465B100B153B3 /* MainTabBar.swift in Sources */ = {isa = PBXBuildFile; fileRef = F100C5F1269465B100B153B3 /* MainTabBar.swift */; };
		F168F2CA2694808500FE7380 /* TableView+Extension.swift in Sources */ = {isa = PBXBuildFile; fileRef = F168F2C52694808500FE7380 /* TableView+Extension.swift */; };
		F168F2CB2694808500FE7380 /* CollectionViewCell+Extension.swift in Sources */ = {isa = PBXBuildFile; fileRef = F168F2C62694808500FE7380 /* CollectionViewCell+Extension.swift */; };
		F168F2CC2694808500FE7380 /* TableViewCell+Extension.swift in Sources */ = {isa = PBXBuildFile; fileRef = F168F2C72694808500FE7380 /* TableViewCell+Extension.swift */; };
		F168F2CD2694808500FE7380 /* UIColor+Extension.swift in Sources */ = {isa = PBXBuildFile; fileRef = F168F2C82694808500FE7380 /* UIColor+Extension.swift */; };
		F168F2CE2694808500FE7380 /* CollectionView+Extension.swift in Sources */ = {isa = PBXBuildFile; fileRef = F168F2C92694808500FE7380 /* CollectionView+Extension.swift */; };
		F168F2D02694813D00FE7380 /* GalleryViewModel.swift in Sources */ = {isa = PBXBuildFile; fileRef = F168F2CF2694813D00FE7380 /* GalleryViewModel.swift */; };
		F168F2D32694865500FE7380 /* Kingfisher in Frameworks */ = {isa = PBXBuildFile; productRef = F168F2D22694865500FE7380 /* Kingfisher */; };
		F168F2DC26948AD400FE7380 /* GalleryCell.swift in Sources */ = {isa = PBXBuildFile; fileRef = F168F2DA26948AD400FE7380 /* GalleryCell.swift */; };
		F168F2DD26948AD400FE7380 /* GalleryCell.xib in Resources */ = {isa = PBXBuildFile; fileRef = F168F2DB26948AD400FE7380 /* GalleryCell.xib */; };
/* End PBXBuildFile section */

/* Begin PBXFileReference section */
		092259F4269474E3004469F4 /* GalleryDataSource.swift */ = {isa = PBXFileReference; fileEncoding = 4; lastKnownFileType = sourcecode.swift; path = GalleryDataSource.swift; sourceTree = "<group>"; };
		092259F5269474E3004469F4 /* GalleryViewController.storyboard */ = {isa = PBXFileReference; fileEncoding = 4; lastKnownFileType = file.storyboard; path = GalleryViewController.storyboard; sourceTree = "<group>"; };
		092259F7269474E3004469F4 /* GalleryViewController.swift */ = {isa = PBXFileReference; fileEncoding = 4; lastKnownFileType = sourcecode.swift; path = GalleryViewController.swift; sourceTree = "<group>"; };
		24A0AA392694595A0081EDBE /* GalleryProject.app */ = {isa = PBXFileReference; explicitFileType = wrapper.application; includeInIndex = 0; path = GalleryProject.app; sourceTree = BUILT_PRODUCTS_DIR; };
		24A0AA3C2694595A0081EDBE /* AppDelegate.swift */ = {isa = PBXFileReference; lastKnownFileType = sourcecode.swift; path = AppDelegate.swift; sourceTree = "<group>"; };
		24A0AA3E2694595A0081EDBE /* SceneDelegate.swift */ = {isa = PBXFileReference; lastKnownFileType = sourcecode.swift; path = SceneDelegate.swift; sourceTree = "<group>"; };
		24A0AA452694595C0081EDBE /* Assets.xcassets */ = {isa = PBXFileReference; lastKnownFileType = folder.assetcatalog; path = Assets.xcassets; sourceTree = "<group>"; };
		24A0AA482694595C0081EDBE /* Base */ = {isa = PBXFileReference; lastKnownFileType = file.storyboard; name = Base; path = Base.lproj/LaunchScreen.storyboard; sourceTree = "<group>"; };
		24A0AA4A2694595C0081EDBE /* Info.plist */ = {isa = PBXFileReference; lastKnownFileType = text.plist.xml; path = Info.plist; sourceTree = "<group>"; };
		24A0AA5A269462CF0081EDBE /* FilesManager.swift */ = {isa = PBXFileReference; fileEncoding = 4; lastKnownFileType = sourcecode.swift; path = FilesManager.swift; sourceTree = "<group>"; };
		F100C5E62694640200B153B3 /* Storyboarded.swift */ = {isa = PBXFileReference; fileEncoding = 4; lastKnownFileType = sourcecode.swift; path = Storyboarded.swift; sourceTree = "<group>"; };
		F100C5E72694640200B153B3 /* CoordinatorDelegate.swift */ = {isa = PBXFileReference; fileEncoding = 4; lastKnownFileType = sourcecode.swift; path = CoordinatorDelegate.swift; sourceTree = "<group>"; };
		F100C5E82694640200B153B3 /* AppCoordinator.swift */ = {isa = PBXFileReference; fileEncoding = 4; lastKnownFileType = sourcecode.swift; path = AppCoordinator.swift; sourceTree = "<group>"; };
		F100C5EC2694647300B153B3 /* BaseViewController.swift */ = {isa = PBXFileReference; fileEncoding = 4; lastKnownFileType = sourcecode.swift; path = BaseViewController.swift; sourceTree = "<group>"; };
		F100C5EF2694652D00B153B3 /* MainTabBar.storyboard */ = {isa = PBXFileReference; lastKnownFileType = file.storyboard; path = MainTabBar.storyboard; sourceTree = "<group>"; };
		F100C5F1269465B100B153B3 /* MainTabBar.swift */ = {isa = PBXFileReference; lastKnownFileType = sourcecode.swift; path = MainTabBar.swift; sourceTree = "<group>"; };
		F168F2C52694808500FE7380 /* TableView+Extension.swift */ = {isa = PBXFileReference; fileEncoding = 4; lastKnownFileType = sourcecode.swift; path = "TableView+Extension.swift"; sourceTree = "<group>"; };
		F168F2C62694808500FE7380 /* CollectionViewCell+Extension.swift */ = {isa = PBXFileReference; fileEncoding = 4; lastKnownFileType = sourcecode.swift; path = "CollectionViewCell+Extension.swift"; sourceTree = "<group>"; };
		F168F2C72694808500FE7380 /* TableViewCell+Extension.swift */ = {isa = PBXFileReference; fileEncoding = 4; lastKnownFileType = sourcecode.swift; path = "TableViewCell+Extension.swift"; sourceTree = "<group>"; };
		F168F2C82694808500FE7380 /* UIColor+Extension.swift */ = {isa = PBXFileReference; fileEncoding = 4; lastKnownFileType = sourcecode.swift; path = "UIColor+Extension.swift"; sourceTree = "<group>"; };
		F168F2C92694808500FE7380 /* CollectionView+Extension.swift */ = {isa = PBXFileReference; fileEncoding = 4; lastKnownFileType = sourcecode.swift; path = "CollectionView+Extension.swift"; sourceTree = "<group>"; };
		F168F2CF2694813D00FE7380 /* GalleryViewModel.swift */ = {isa = PBXFileReference; lastKnownFileType = sourcecode.swift; path = GalleryViewModel.swift; sourceTree = "<group>"; };
		F168F2DA26948AD400FE7380 /* GalleryCell.swift */ = {isa = PBXFileReference; lastKnownFileType = sourcecode.swift; path = GalleryCell.swift; sourceTree = "<group>"; };
		F168F2DB26948AD400FE7380 /* GalleryCell.xib */ = {isa = PBXFileReference; lastKnownFileType = file.xib; path = GalleryCell.xib; sourceTree = "<group>"; };
/* End PBXFileReference section */

/* Begin PBXFrameworksBuildPhase section */
		24A0AA362694595A0081EDBE /* Frameworks */ = {
			isa = PBXFrameworksBuildPhase;
			buildActionMask = 2147483647;
			files = (
				F168F2D32694865500FE7380 /* Kingfisher in Frameworks */,
			);
			runOnlyForDeploymentPostprocessing = 0;
		};
/* End PBXFrameworksBuildPhase section */

/* Begin PBXGroup section */
		092259F2269474E3004469F4 /* Gallery */ = {
			isa = PBXGroup;
			children = (
				F168F2C22694802B00FE7380 /* View */,
				092259F3269474E3004469F4 /* ViewModel */,
			);
			path = Gallery;
			sourceTree = "<group>";
		};
		092259F3269474E3004469F4 /* ViewModel */ = {
			isa = PBXGroup;
			children = (
				092259F4269474E3004469F4 /* GalleryDataSource.swift */,
				F168F2CF2694813D00FE7380 /* GalleryViewModel.swift */,
			);
			path = ViewModel;
			sourceTree = "<group>";
		};
		24A0AA302694595A0081EDBE = {
			isa = PBXGroup;
			children = (
				24A0AA3B2694595A0081EDBE /* GalleryProject */,
				24A0AA3A2694595A0081EDBE /* Products */,
			);
			sourceTree = "<group>";
		};
		24A0AA3A2694595A0081EDBE /* Products */ = {
			isa = PBXGroup;
			children = (
				24A0AA392694595A0081EDBE /* GalleryProject.app */,
			);
			name = Products;
			sourceTree = "<group>";
		};
		24A0AA3B2694595A0081EDBE /* GalleryProject */ = {
			isa = PBXGroup;
			children = (
				24A0AA5026945DA20081EDBE /* App */,
				24A0AA5626945E0D0081EDBE /* Resources */,
				24A0AA5126945DAE0081EDBE /* Presentation */,
				24A0AA5726945E350081EDBE /* Infrastructure */,
				24A0AA5926945EF50081EDBE /* Supporting Files */,
			);
			path = GalleryProject;
			sourceTree = "<group>";
		};
		24A0AA5026945DA20081EDBE /* App */ = {
			isa = PBXGroup;
			children = (
				24A0AA3C2694595A0081EDBE /* AppDelegate.swift */,
				24A0AA3E2694595A0081EDBE /* SceneDelegate.swift */,
			);
			path = App;
			sourceTree = "<group>";
		};
		24A0AA5126945DAE0081EDBE /* Presentation */ = {
			isa = PBXGroup;
			children = (
				24A0AA5226945DBA0081EDBE /* Scenes */,
			);
			path = Presentation;
			sourceTree = "<group>";
		};
		24A0AA5226945DBA0081EDBE /* Scenes */ = {
			isa = PBXGroup;
			children = (
				F100C5EE2694650F00B153B3 /* MainTabBar */,
				F100C5E5269463E200B153B3 /* Base */,
				092259F2269474E3004469F4 /* Gallery */,
			);
			path = Scenes;
			sourceTree = "<group>";
		};
		24A0AA5626945E0D0081EDBE /* Resources */ = {
			isa = PBXGroup;
			children = (
				24A0AA452694595C0081EDBE /* Assets.xcassets */,
			);
			path = Resources;
			sourceTree = "<group>";
		};
		24A0AA5726945E350081EDBE /* Infrastructure */ = {
			isa = PBXGroup;
			children = (
				F168F2C42694806300FE7380 /* Extensions */,
				F100C5E4269463D700B153B3 /* Coordinator */,
				24A0AA5826945E410081EDBE /* Managers */,
			);
			path = Infrastructure;
			sourceTree = "<group>";
		};
		24A0AA5826945E410081EDBE /* Managers */ = {
			isa = PBXGroup;
			children = (
				24A0AA5A269462CF0081EDBE /* FilesManager.swift */,
			);
			path = Managers;
			sourceTree = "<group>";
		};
		24A0AA5926945EF50081EDBE /* Supporting Files */ = {
			isa = PBXGroup;
			children = (
				24A0AA472694595C0081EDBE /* LaunchScreen.storyboard */,
				24A0AA4A2694595C0081EDBE /* Info.plist */,
			);
			path = "Supporting Files";
			sourceTree = "<group>";
		};
		F100C5E4269463D700B153B3 /* Coordinator */ = {
			isa = PBXGroup;
			children = (
				F100C5E82694640200B153B3 /* AppCoordinator.swift */,
				F100C5E72694640200B153B3 /* CoordinatorDelegate.swift */,
				F100C5E62694640200B153B3 /* Storyboarded.swift */,
			);
			path = Coordinator;
			sourceTree = "<group>";
		};
		F100C5E5269463E200B153B3 /* Base */ = {
			isa = PBXGroup;
			children = (
				F100C5EC2694647300B153B3 /* BaseViewController.swift */,
			);
			path = Base;
			sourceTree = "<group>";
		};
		F100C5EE2694650F00B153B3 /* MainTabBar */ = {
			isa = PBXGroup;
			children = (
				F100C5F32694668000B153B3 /* View */,
			);
			path = MainTabBar;
			sourceTree = "<group>";
		};
		F100C5F32694668000B153B3 /* View */ = {
			isa = PBXGroup;
			children = (
				F100C5EF2694652D00B153B3 /* MainTabBar.storyboard */,
				F100C5F1269465B100B153B3 /* MainTabBar.swift */,
			);
			path = View;
			sourceTree = "<group>";
		};
		F168F2C22694802B00FE7380 /* View */ = {
			isa = PBXGroup;
			children = (
				F168F2C32694804000FE7380 /* GalleryCell */,
				092259F5269474E3004469F4 /* GalleryViewController.storyboard */,
				092259F7269474E3004469F4 /* GalleryViewController.swift */,
			);
			path = View;
			sourceTree = "<group>";
		};
		F168F2C32694804000FE7380 /* GalleryCell */ = {
			isa = PBXGroup;
			children = (
				F168F2DA26948AD400FE7380 /* GalleryCell.swift */,
				F168F2DB26948AD400FE7380 /* GalleryCell.xib */,
			);
			path = GalleryCell;
			sourceTree = "<group>";
		};
		F168F2C42694806300FE7380 /* Extensions */ = {
			isa = PBXGroup;
			children = (
				F168F2C92694808500FE7380 /* CollectionView+Extension.swift */,
				F168F2C62694808500FE7380 /* CollectionViewCell+Extension.swift */,
				F168F2C52694808500FE7380 /* TableView+Extension.swift */,
				F168F2C72694808500FE7380 /* TableViewCell+Extension.swift */,
				F168F2C82694808500FE7380 /* UIColor+Extension.swift */,
			);
			path = Extensions;
			sourceTree = "<group>";
		};
/* End PBXGroup section */

/* Begin PBXNativeTarget section */
		24A0AA382694595A0081EDBE /* GalleryProject */ = {
			isa = PBXNativeTarget;
			buildConfigurationList = 24A0AA4D2694595C0081EDBE /* Build configuration list for PBXNativeTarget "GalleryProject" */;
			buildPhases = (
				24A0AA352694595A0081EDBE /* Sources */,
				24A0AA362694595A0081EDBE /* Frameworks */,
				24A0AA372694595A0081EDBE /* Resources */,
			);
			buildRules = (
			);
			dependencies = (
			);
			name = GalleryProject;
			packageProductDependencies = (
				F168F2D22694865500FE7380 /* Kingfisher */,
			);
			productName = GalleryProject;
			productReference = 24A0AA392694595A0081EDBE /* GalleryProject.app */;
			productType = "com.apple.product-type.application";
		};
/* End PBXNativeTarget section */

/* Begin PBXProject section */
		24A0AA312694595A0081EDBE /* Project object */ = {
			isa = PBXProject;
			attributes = {
				LastSwiftUpdateCheck = 1250;
				LastUpgradeCheck = 1250;
				TargetAttributes = {
					24A0AA382694595A0081EDBE = {
						CreatedOnToolsVersion = 12.5;
					};
				};
			};
			buildConfigurationList = 24A0AA342694595A0081EDBE /* Build configuration list for PBXProject "GalleryProject" */;
			compatibilityVersion = "Xcode 9.3";
			developmentRegion = en;
			hasScannedForEncodings = 0;
			knownRegions = (
				en,
				Base,
			);
			mainGroup = 24A0AA302694595A0081EDBE;
			packageReferences = (
				F168F2D12694865500FE7380 /* XCRemoteSwiftPackageReference "Kingfisher" */,
			);
			productRefGroup = 24A0AA3A2694595A0081EDBE /* Products */;
			projectDirPath = "";
			projectRoot = "";
			targets = (
				24A0AA382694595A0081EDBE /* GalleryProject */,
			);
		};
/* End PBXProject section */

/* Begin PBXResourcesBuildPhase section */
		24A0AA372694595A0081EDBE /* Resources */ = {
			isa = PBXResourcesBuildPhase;
			buildActionMask = 2147483647;
			files = (
				F168F2DD26948AD400FE7380 /* GalleryCell.xib in Resources */,
				092259F9269474E3004469F4 /* GalleryViewController.storyboard in Resources */,
				24A0AA492694595C0081EDBE /* LaunchScreen.storyboard in Resources */,
				F100C5F02694652D00B153B3 /* MainTabBar.storyboard in Resources */,
				24A0AA462694595C0081EDBE /* Assets.xcassets in Resources */,
			);
			runOnlyForDeploymentPostprocessing = 0;
		};
/* End PBXResourcesBuildPhase section */

/* Begin PBXSourcesBuildPhase section */
		24A0AA352694595A0081EDBE /* Sources */ = {
			isa = PBXSourcesBuildPhase;
			buildActionMask = 2147483647;
			files = (
				092259FB269474E3004469F4 /* GalleryViewController.swift in Sources */,
				F168F2CC2694808500FE7380 /* TableViewCell+Extension.swift in Sources */,
				F100C5F2269465B100B153B3 /* MainTabBar.swift in Sources */,
				F168F2CB2694808500FE7380 /* CollectionViewCell+Extension.swift in Sources */,
				24A0AA3D2694595A0081EDBE /* AppDelegate.swift in Sources */,
				F100C5E92694640200B153B3 /* Storyboarded.swift in Sources */,
				24A0AA3F2694595A0081EDBE /* SceneDelegate.swift in Sources */,
				F168F2D02694813D00FE7380 /* GalleryViewModel.swift in Sources */,
				F168F2CE2694808500FE7380 /* CollectionView+Extension.swift in Sources */,
				24A0AA5B269462CF0081EDBE /* FilesManager.swift in Sources */,
				F168F2CD2694808500FE7380 /* UIColor+Extension.swift in Sources */,
				F168F2CA2694808500FE7380 /* TableView+Extension.swift in Sources */,
				F100C5ED2694647300B153B3 /* BaseViewController.swift in Sources */,
				F168F2DC26948AD400FE7380 /* GalleryCell.swift in Sources */,
				F100C5EA2694640200B153B3 /* CoordinatorDelegate.swift in Sources */,
				F100C5EB2694640200B153B3 /* AppCoordinator.swift in Sources */,
				092259F8269474E3004469F4 /* GalleryDataSource.swift in Sources */,
			);
			runOnlyForDeploymentPostprocessing = 0;
		};
/* End PBXSourcesBuildPhase section */

/* Begin PBXVariantGroup section */
		24A0AA472694595C0081EDBE /* LaunchScreen.storyboard */ = {
			isa = PBXVariantGroup;
			children = (
				24A0AA482694595C0081EDBE /* Base */,
			);
			name = LaunchScreen.storyboard;
			sourceTree = "<group>";
		};
/* End PBXVariantGroup section */

/* Begin XCBuildConfiguration section */
		24A0AA4B2694595C0081EDBE /* Debug */ = {
			isa = XCBuildConfiguration;
			buildSettings = {
				ALWAYS_SEARCH_USER_PATHS = NO;
				CLANG_ANALYZER_NONNULL = YES;
				CLANG_ANALYZER_NUMBER_OBJECT_CONVERSION = YES_AGGRESSIVE;
				CLANG_CXX_LANGUAGE_STANDARD = "gnu++14";
				CLANG_CXX_LIBRARY = "libc++";
				CLANG_ENABLE_MODULES = YES;
				CLANG_ENABLE_OBJC_ARC = YES;
				CLANG_ENABLE_OBJC_WEAK = YES;
				CLANG_WARN_BLOCK_CAPTURE_AUTORELEASING = YES;
				CLANG_WARN_BOOL_CONVERSION = YES;
				CLANG_WARN_COMMA = YES;
				CLANG_WARN_CONSTANT_CONVERSION = YES;
				CLANG_WARN_DEPRECATED_OBJC_IMPLEMENTATIONS = YES;
				CLANG_WARN_DIRECT_OBJC_ISA_USAGE = YES_ERROR;
				CLANG_WARN_DOCUMENTATION_COMMENTS = YES;
				CLANG_WARN_EMPTY_BODY = YES;
				CLANG_WARN_ENUM_CONVERSION = YES;
				CLANG_WARN_INFINITE_RECURSION = YES;
				CLANG_WARN_INT_CONVERSION = YES;
				CLANG_WARN_NON_LITERAL_NULL_CONVERSION = YES;
				CLANG_WARN_OBJC_IMPLICIT_RETAIN_SELF = YES;
				CLANG_WARN_OBJC_LITERAL_CONVERSION = YES;
				CLANG_WARN_OBJC_ROOT_CLASS = YES_ERROR;
				CLANG_WARN_QUOTED_INCLUDE_IN_FRAMEWORK_HEADER = YES;
				CLANG_WARN_RANGE_LOOP_ANALYSIS = YES;
				CLANG_WARN_STRICT_PROTOTYPES = YES;
				CLANG_WARN_SUSPICIOUS_MOVE = YES;
				CLANG_WARN_UNGUARDED_AVAILABILITY = YES_AGGRESSIVE;
				CLANG_WARN_UNREACHABLE_CODE = YES;
				CLANG_WARN__DUPLICATE_METHOD_MATCH = YES;
				COPY_PHASE_STRIP = NO;
				DEBUG_INFORMATION_FORMAT = dwarf;
				ENABLE_STRICT_OBJC_MSGSEND = YES;
				ENABLE_TESTABILITY = YES;
				GCC_C_LANGUAGE_STANDARD = gnu11;
				GCC_DYNAMIC_NO_PIC = NO;
				GCC_NO_COMMON_BLOCKS = YES;
				GCC_OPTIMIZATION_LEVEL = 0;
				GCC_PREPROCESSOR_DEFINITIONS = (
					"DEBUG=1",
					"$(inherited)",
				);
				GCC_WARN_64_TO_32_BIT_CONVERSION = YES;
				GCC_WARN_ABOUT_RETURN_TYPE = YES_ERROR;
				GCC_WARN_UNDECLARED_SELECTOR = YES;
				GCC_WARN_UNINITIALIZED_AUTOS = YES_AGGRESSIVE;
				GCC_WARN_UNUSED_FUNCTION = YES;
				GCC_WARN_UNUSED_VARIABLE = YES;
				IPHONEOS_DEPLOYMENT_TARGET = 14.5;
				MTL_ENABLE_DEBUG_INFO = INCLUDE_SOURCE;
				MTL_FAST_MATH = YES;
				ONLY_ACTIVE_ARCH = YES;
				SDKROOT = iphoneos;
				SWIFT_ACTIVE_COMPILATION_CONDITIONS = DEBUG;
				SWIFT_OPTIMIZATION_LEVEL = "-Onone";
			};
			name = Debug;
		};
		24A0AA4C2694595C0081EDBE /* Release */ = {
			isa = XCBuildConfiguration;
			buildSettings = {
				ALWAYS_SEARCH_USER_PATHS = NO;
				CLANG_ANALYZER_NONNULL = YES;
				CLANG_ANALYZER_NUMBER_OBJECT_CONVERSION = YES_AGGRESSIVE;
				CLANG_CXX_LANGUAGE_STANDARD = "gnu++14";
				CLANG_CXX_LIBRARY = "libc++";
				CLANG_ENABLE_MODULES = YES;
				CLANG_ENABLE_OBJC_ARC = YES;
				CLANG_ENABLE_OBJC_WEAK = YES;
				CLANG_WARN_BLOCK_CAPTURE_AUTORELEASING = YES;
				CLANG_WARN_BOOL_CONVERSION = YES;
				CLANG_WARN_COMMA = YES;
				CLANG_WARN_CONSTANT_CONVERSION = YES;
				CLANG_WARN_DEPRECATED_OBJC_IMPLEMENTATIONS = YES;
				CLANG_WARN_DIRECT_OBJC_ISA_USAGE = YES_ERROR;
				CLANG_WARN_DOCUMENTATION_COMMENTS = YES;
				CLANG_WARN_EMPTY_BODY = YES;
				CLANG_WARN_ENUM_CONVERSION = YES;
				CLANG_WARN_INFINITE_RECURSION = YES;
				CLANG_WARN_INT_CONVERSION = YES;
				CLANG_WARN_NON_LITERAL_NULL_CONVERSION = YES;
				CLANG_WARN_OBJC_IMPLICIT_RETAIN_SELF = YES;
				CLANG_WARN_OBJC_LITERAL_CONVERSION = YES;
				CLANG_WARN_OBJC_ROOT_CLASS = YES_ERROR;
				CLANG_WARN_QUOTED_INCLUDE_IN_FRAMEWORK_HEADER = YES;
				CLANG_WARN_RANGE_LOOP_ANALYSIS = YES;
				CLANG_WARN_STRICT_PROTOTYPES = YES;
				CLANG_WARN_SUSPICIOUS_MOVE = YES;
				CLANG_WARN_UNGUARDED_AVAILABILITY = YES_AGGRESSIVE;
				CLANG_WARN_UNREACHABLE_CODE = YES;
				CLANG_WARN__DUPLICATE_METHOD_MATCH = YES;
				COPY_PHASE_STRIP = NO;
				DEBUG_INFORMATION_FORMAT = "dwarf-with-dsym";
				ENABLE_NS_ASSERTIONS = NO;
				ENABLE_STRICT_OBJC_MSGSEND = YES;
				GCC_C_LANGUAGE_STANDARD = gnu11;
				GCC_NO_COMMON_BLOCKS = YES;
				GCC_WARN_64_TO_32_BIT_CONVERSION = YES;
				GCC_WARN_ABOUT_RETURN_TYPE = YES_ERROR;
				GCC_WARN_UNDECLARED_SELECTOR = YES;
				GCC_WARN_UNINITIALIZED_AUTOS = YES_AGGRESSIVE;
				GCC_WARN_UNUSED_FUNCTION = YES;
				GCC_WARN_UNUSED_VARIABLE = YES;
				IPHONEOS_DEPLOYMENT_TARGET = 14.5;
				MTL_ENABLE_DEBUG_INFO = NO;
				MTL_FAST_MATH = YES;
				SDKROOT = iphoneos;
				SWIFT_COMPILATION_MODE = wholemodule;
				SWIFT_OPTIMIZATION_LEVEL = "-O";
				VALIDATE_PRODUCT = YES;
			};
			name = Release;
		};
		24A0AA4E2694595C0081EDBE /* Debug */ = {
			isa = XCBuildConfiguration;
			buildSettings = {
				ASSETCATALOG_COMPILER_APPICON_NAME = AppIcon;
				ASSETCATALOG_COMPILER_GLOBAL_ACCENT_COLOR_NAME = AccentColor;
				CODE_SIGN_STYLE = Automatic;
				DEVELOPMENT_TEAM = 8C7J4PSQLX;
				INFOPLIST_FILE = "GalleryProject/Supporting Files/Info.plist";
				LD_RUNPATH_SEARCH_PATHS = (
					"$(inherited)",
					"@executable_path/Frameworks",
				);
				PRODUCT_BUNDLE_IDENTIFIER = com.ladotsivtsivadze.GalleryProject;
				PRODUCT_NAME = "$(TARGET_NAME)";
				SWIFT_VERSION = 5.0;
				TARGETED_DEVICE_FAMILY = "1,2";
			};
			name = Debug;
		};
		24A0AA4F2694595C0081EDBE /* Release */ = {
			isa = XCBuildConfiguration;
			buildSettings = {
				ASSETCATALOG_COMPILER_APPICON_NAME = AppIcon;
				ASSETCATALOG_COMPILER_GLOBAL_ACCENT_COLOR_NAME = AccentColor;
				CODE_SIGN_STYLE = Automatic;
				DEVELOPMENT_TEAM = 8C7J4PSQLX;
				INFOPLIST_FILE = "GalleryProject/Supporting Files/Info.plist";
				LD_RUNPATH_SEARCH_PATHS = (
					"$(inherited)",
					"@executable_path/Frameworks",
				);
				PRODUCT_BUNDLE_IDENTIFIER = com.ladotsivtsivadze.GalleryProject;
				PRODUCT_NAME = "$(TARGET_NAME)";
				SWIFT_VERSION = 5.0;
				TARGETED_DEVICE_FAMILY = "1,2";
			};
			name = Release;
		};
/* End XCBuildConfiguration section */

/* Begin XCConfigurationList section */
		24A0AA342694595A0081EDBE /* Build configuration list for PBXProject "GalleryProject" */ = {
			isa = XCConfigurationList;
			buildConfigurations = (
				24A0AA4B2694595C0081EDBE /* Debug */,
				24A0AA4C2694595C0081EDBE /* Release */,
			);
			defaultConfigurationIsVisible = 0;
			defaultConfigurationName = Release;
		};
		24A0AA4D2694595C0081EDBE /* Build configuration list for PBXNativeTarget "GalleryProject" */ = {
			isa = XCConfigurationList;
			buildConfigurations = (
				24A0AA4E2694595C0081EDBE /* Debug */,
				24A0AA4F2694595C0081EDBE /* Release */,
			);
			defaultConfigurationIsVisible = 0;
			defaultConfigurationName = Release;
		};
/* End XCConfigurationList section */

/* Begin XCRemoteSwiftPackageReference section */
		F168F2D12694865500FE7380 /* XCRemoteSwiftPackageReference "Kingfisher" */ = {
			isa = XCRemoteSwiftPackageReference;
			repositoryURL = "https://github.com/onevcat/Kingfisher";
			requirement = {
				kind = upToNextMajorVersion;
				minimumVersion = 6.3.0;
			};
		};
/* End XCRemoteSwiftPackageReference section */

/* Begin XCSwiftPackageProductDependency section */
		F168F2D22694865500FE7380 /* Kingfisher */ = {
			isa = XCSwiftPackageProductDependency;
			package = F168F2D12694865500FE7380 /* XCRemoteSwiftPackageReference "Kingfisher" */;
			productName = Kingfisher;
		};
/* End XCSwiftPackageProductDependency section */
	};
	rootObject = 24A0AA312694595A0081EDBE /* Project object */;
}
